
Microsoft Visual Studio Solution File, Format Version 12.00
# Visual Studio Version 17
VisualStudioVersion = 17.12.35527.113
MinimumVisualStudioVersion = 10.0.40219.1
Project("{FAE04EC0-301F-11D3-BF4B-00C04F79EFBC}") = "LearningRecordWebApi", "LearningRecordWebApi\LearningRecordWebApi.csproj", "{5FD0B0EE-B1F3-4D62-B728-3B4D3B859567}"
EndProject
Project("{FAE04EC0-301F-11D3-BF4B-00C04F79EFBC}") = "Send", "Send\Send.csproj", "{5518343F-AFE8-4102-AA52-1E649F6F6403}"
EndProject
Project("{FAE04EC0-301F-11D3-BF4B-00C04F79EFBC}") = "Receive", "Receive\Receive.csproj", "{A7A37FFA-0D40-4287-BF1E-AECD2D39E9FF}"
EndProject
Project("{FAE04EC0-301F-11D3-BF4B-00C04F79EFBC}") = "WinFormDemo", "WinFormDemo\WinFormDemo.csproj", "{4161299C-D012-469F-9345-B8CEB2DC35C0}"
EndProject
Project("{FAE04EC0-301F-11D3-BF4B-00C04F79EFBC}") = "WpfAppDemo", "WpfAppDemo\WpfAppDemo.csproj", "{3B6A375D-693A-4A86-AA12-0F9EC4414C5C}"
EndProject
Global
	GlobalSection(SolutionConfigurationPlatforms) = preSolution
		Debug|Any CPU = Debug|Any CPU
		Release|Any CPU = Release|Any CPU
	EndGlobalSection
	GlobalSection(ProjectConfigurationPlatforms) = postSolution
		{5FD0B0EE-B1F3-4D62-B728-3B4D3B859567}.Debug|Any CPU.ActiveCfg = Debug|Any CPU
		{5FD0B0EE-B1F3-4D62-B728-3B4D3B859567}.Debug|Any CPU.Build.0 = Debug|Any CPU
		{5FD0B0EE-B1F3-4D62-B728-3B4D3B859567}.Release|Any CPU.ActiveCfg = Release|Any CPU
		{5FD0B0EE-B1F3-4D62-B728-3B4D3B859567}.Release|Any CPU.Build.0 = Release|Any CPU
		{5518343F-AFE8-4102-AA52-1E649F6F6403}.Debug|Any CPU.ActiveCfg = Debug|Any CPU
		{5518343F-AFE8-4102-AA52-1E649F6F6403}.Debug|Any CPU.Build.0 = Debug|Any CPU
		{5518343F-AFE8-4102-AA52-1E649F6F6403}.Release|Any CPU.ActiveCfg = Release|Any CPU
		{5518343F-AFE8-4102-AA52-1E649F6F6403}.Release|Any CPU.Build.0 = Release|Any CPU
		{A7A37FFA-0D40-4287-BF1E-AECD2D39E9FF}.Debug|Any CPU.ActiveCfg = Debug|Any CPU
		{A7A37FFA-0D40-4287-BF1E-AECD2D39E9FF}.Debug|Any CPU.Build.0 = Debug|Any CPU
		{A7A37FFA-0D40-4287-BF1E-AECD2D39E9FF}.Release|Any CPU.ActiveCfg = Release|Any CPU
		{A7A37FFA-0D40-4287-BF1E-AECD2D39E9FF}.Release|Any CPU.Build.0 = Release|Any CPU
		{4161299C-D012-469F-9345-B8CEB2DC35C0}.Debug|Any CPU.ActiveCfg = Debug|Any CPU
		{4161299C-D012-469F-9345-B8CEB2DC35C0}.Debug|Any CPU.Build.0 = Debug|Any CPU
		{4161299C-D012-469F-9345-B8CEB2DC35C0}.Release|Any CPU.ActiveCfg = Release|Any CPU
		{4161299C-D012-469F-9345-B8CEB2DC35C0}.Release|Any CPU.Build.0 = Release|Any CPU
		{3B6A375D-693A-4A86-AA12-0F9EC4414C5C}.Debug|Any CPU.ActiveCfg = Debug|Any CPU
		{3B6A375D-693A-4A86-AA12-0F9EC4414C5C}.Debug|Any CPU.Build.0 = Debug|Any CPU
		{3B6A375D-693A-4A86-AA12-0F9EC4414C5C}.Release|Any CPU.ActiveCfg = Release|Any CPU
		{3B6A375D-693A-4A86-AA12-0F9EC4414C5C}.Release|Any CPU.Build.0 = Release|Any CPU
	EndGlobalSection
	GlobalSection(SolutionProperties) = preSolution
		HideSolutionNode = FALSE
	EndGlobalSection
EndGlobal
